
Microsoft Visual Studio Solution File, Format Version 12.00
# Visual Studio 15
VisualStudioVersion = 15.0.28307.489
MinimumVisualStudioVersion = 10.0.40219.1
Project("{FAE04EC0-301F-11D3-BF4B-00C04F79EFBC}") = "Gun_Project_Master1", "Gun_Project_Master1\Gun_Project_Master1.csproj", "{4867168A-7834-4775-8486-8D98D1C3A175}"
EndProject
Project("{FAE04EC0-301F-11D3-BF4B-00C04F79EFBC}") = "Gun_Project_Master1Tests", "Gun_Project_Master1Tests\Gun_Project_Master1Tests.csproj", "{5B94F0FE-D203-45CC-B5F6-B998BEF893C3}"
EndProject
Global
	GlobalSection(SolutionConfigurationPlatforms) = preSolution
		Debug|Any CPU = Debug|Any CPU
		Release|Any CPU = Release|Any CPU
	EndGlobalSection
	GlobalSection(ProjectConfigurationPlatforms) = postSolution
		{4867168A-7834-4775-8486-8D98D1C3A175}.Debug|Any CPU.ActiveCfg = Debug|Any CPU
		{4867168A-7834-4775-8486-8D98D1C3A175}.Debug|Any CPU.Build.0 = Debug|Any CPU
		{4867168A-7834-4775-8486-8D98D1C3A175}.Release|Any CPU.ActiveCfg = Release|Any CPU
		{4867168A-7834-4775-8486-8D98D1C3A175}.Release|Any CPU.Build.0 = Release|Any CPU
		{5B94F0FE-D203-45CC-B5F6-B998BEF893C3}.Debug|Any CPU.ActiveCfg = Debug|Any CPU
		{5B94F0FE-D203-45CC-B5F6-B998BEF893C3}.Debug|Any CPU.Build.0 = Debug|Any CPU
		{5B94F0FE-D203-45CC-B5F6-B998BEF893C3}.Release|Any CPU.ActiveCfg = Release|Any CPU
		{5B94F0FE-D203-45CC-B5F6-B998BEF893C3}.Release|Any CPU.Build.0 = Release|Any CPU
	EndGlobalSection
	GlobalSection(SolutionProperties) = preSolution
		HideSolutionNode = FALSE
	EndGlobalSection
	GlobalSection(ExtensibilityGlobals) = postSolution
		SolutionGuid = {A5DB4EBB-C6DF-420D-A1A8-A7E1E81E3B1F}
	EndGlobalSection
EndGlobal
